
Microsoft Visual Studio Solution File, Format Version 12.00
# Visual Studio Version 17
VisualStudioVersion = 17.3.32922.545
MinimumVisualStudioVersion = 10.0.40219.1
Project("{FAE04EC0-301F-11D3-BF4B-00C04F79EFBC}") = "RestoranuValdymoSistema", "RestoranuValdymoSistema\RestoranuValdymoSistema.csproj", "{527A8096-5A28-4255-BFB3-56489595EDEA}"
EndProject
Global
	GlobalSection(SolutionConfigurationPlatforms) = preSolution
		Debug|Any CPU = Debug|Any CPU
		Release|Any CPU = Release|Any CPU
	EndGlobalSection
	GlobalSection(ProjectConfigurationPlatforms) = postSolution
		{527A8096-5A28-4255-BFB3-56489595EDEA}.Debug|Any CPU.ActiveCfg = Debug|Any CPU
		{527A8096-5A28-4255-BFB3-56489595EDEA}.Debug|Any CPU.Build.0 = Debug|Any CPU
		{527A8096-5A28-4255-BFB3-56489595EDEA}.Release|Any CPU.ActiveCfg = Release|Any CPU
		{527A8096-5A28-4255-BFB3-56489595EDEA}.Release|Any CPU.Build.0 = Release|Any CPU
	EndGlobalSection
	GlobalSection(SolutionProperties) = preSolution
		HideSolutionNode = FALSE
	EndGlobalSection
	GlobalSection(ExtensibilityGlobals) = postSolution
		SolutionGuid = {C7ECA22A-62B5-4957-AC4D-B51B786DAD4E}
	EndGlobalSection
EndGlobal
